
Microsoft Visual Studio Solution File, Format Version 12.00
# Visual Studio Version 16
VisualStudioVersion = 16.0.30804.86
MinimumVisualStudioVersion = 10.0.40219.1
Project("{FAE04EC0-301F-11D3-BF4B-00C04F79EFBC}") = "Lumberjack.Server", "Lumberjack.Server\Lumberjack.Server.csproj", "{B632C5DE-5EAC-4522-B688-04B9BC17455E}"
EndProject
Global
	GlobalSection(SolutionConfigurationPlatforms) = preSolution
		Debug|Any CPU = Debug|Any CPU
		Release|Any CPU = Release|Any CPU
	EndGlobalSection
	GlobalSection(ProjectConfigurationPlatforms) = postSolution
		{B632C5DE-5EAC-4522-B688-04B9BC17455E}.Debug|Any CPU.ActiveCfg = Debug|Any CPU
		{B632C5DE-5EAC-4522-B688-04B9BC17455E}.Debug|Any CPU.Build.0 = Debug|Any CPU
		{B632C5DE-5EAC-4522-B688-04B9BC17455E}.Release|Any CPU.ActiveCfg = Release|Any CPU
		{B632C5DE-5EAC-4522-B688-04B9BC17455E}.Release|Any CPU.Build.0 = Release|Any CPU
	EndGlobalSection
	GlobalSection(SolutionProperties) = preSolution
		HideSolutionNode = FALSE
	EndGlobalSection
	GlobalSection(ExtensibilityGlobals) = postSolution
		SolutionGuid = {4901A5DB-91CC-4E5F-8F22-724DBFBD15F7}
	EndGlobalSection
EndGlobal
